Microsoft Visual Studio Solution File, Format Version 12.00
# Visual Studio 2012
Project("{FAE04EC0-301F-11D3-BF4B-00C04F79EFBC}") = "Megaman X", "Megaman X.csproj", "{878D3CAA-8D9A-44E1-9237-9139EB8C3EB1}"
EndProject
Global
	GlobalSection(SolutionConfigurationPlatforms) = preSolution
	Debug|Any CPU = Debug|Any CPU
	ExportDebug|Any CPU = ExportDebug|Any CPU
	ExportRelease|Any CPU = ExportRelease|Any CPU
	EndGlobalSection
	GlobalSection(ProjectConfigurationPlatforms) = postSolution
		{878D3CAA-8D9A-44E1-9237-9139EB8C3EB1}.Debug|Any CPU.ActiveCfg = Debug|Any CPU
		{878D3CAA-8D9A-44E1-9237-9139EB8C3EB1}.Debug|Any CPU.Build.0 = Debug|Any CPU
		{878D3CAA-8D9A-44E1-9237-9139EB8C3EB1}.ExportDebug|Any CPU.ActiveCfg = ExportDebug|Any CPU
		{878D3CAA-8D9A-44E1-9237-9139EB8C3EB1}.ExportDebug|Any CPU.Build.0 = ExportDebug|Any CPU
		{878D3CAA-8D9A-44E1-9237-9139EB8C3EB1}.ExportRelease|Any CPU.ActiveCfg = ExportRelease|Any CPU
		{878D3CAA-8D9A-44E1-9237-9139EB8C3EB1}.ExportRelease|Any CPU.Build.0 = ExportRelease|Any CPU
	EndGlobalSection
EndGlobal
